// !$*UTF8*$!
{
	archiveVersion = 1;
	classes = {
	};
	objectVersion = 56;
	objects = {

/* Begin PBXBuildFile section */
		E3458C522C32D7C2003A08B8 /* LottoLocoApp.swift in Sources */ = {isa = PBXBuildFile; fileRef = E3458C512C32D7C2003A08B8 /* LottoLocoApp.swift */; };
		E3458C562C32D7C4003A08B8 /* Assets.xcassets in Resources */ = {isa = PBXBuildFile; fileRef = E3458C552C32D7C4003A08B8 /* Assets.xcassets */; };
		E3458C592C32D7C4003A08B8 /* Preview Assets.xcassets in Resources */ = {isa = PBXBuildFile; fileRef = E3458C582C32D7C4003A08B8 /* Preview Assets.xcassets */; };
		E3458C632C32D7C4003A08B8 /* LottoLocoTests.swift in Sources */ = {isa = PBXBuildFile; fileRef = E3458C622C32D7C4003A08B8 /* LottoLocoTests.swift */; };
		E3458C6D2C32D7C4003A08B8 /* LottoLocoUITests.swift in Sources */ = {isa = PBXBuildFile; fileRef = E3458C6C2C32D7C4003A08B8 /* LottoLocoUITests.swift */; };
		E3458C6F2C32D7C4003A08B8 /* LottoLocoUITestsLaunchTests.swift in Sources */ = {isa = PBXBuildFile; fileRef = E3458C6E2C32D7C4003A08B8 /* LottoLocoUITestsLaunchTests.swift */; };
		E3458C7D2C32D972003A08B8 /* ComposableArchitecture in Frameworks */ = {isa = PBXBuildFile; productRef = E3458C7C2C32D972003A08B8 /* ComposableArchitecture */; };
		E3458C812C32D9A1003A08B8 /* LottoNumberGeneratorView.swift in Sources */ = {isa = PBXBuildFile; fileRef = E3458C802C32D9A1003A08B8 /* LottoNumberGeneratorView.swift */; };
		E3458C832C32D9AB003A08B8 /* LottoNumberGeneratorCore.swift in Sources */ = {isa = PBXBuildFile; fileRef = E3458C822C32D9AB003A08B8 /* LottoNumberGeneratorCore.swift */; };
		E362BE552C494840005A7C54 /* ConfettiSwiftUI in Frameworks */ = {isa = PBXBuildFile; productRef = E362BE542C494840005A7C54 /* ConfettiSwiftUI */; };
		E3BE99872C36414B0045D933 /* LottoNumberView.swift in Sources */ = {isa = PBXBuildFile; fileRef = E3BE99862C36414B0045D933 /* LottoNumberView.swift */; };
		E3CFD8642C46B1DD00C9CC70 /* LottoNumberGeneratorClient.swift in Sources */ = {isa = PBXBuildFile; fileRef = E3CFD8632C46B1DD00C9CC70 /* LottoNumberGeneratorClient.swift */; };
		E3CFD8692C48081000C9CC70 /* QRCodeScannerView.swift in Sources */ = {isa = PBXBuildFile; fileRef = E3CFD8682C48081000C9CC70 /* QRCodeScannerView.swift */; };
		E3CFD86B2C48082100C9CC70 /* QRCodeScannerCore.swift in Sources */ = {isa = PBXBuildFile; fileRef = E3CFD86A2C48082100C9CC70 /* QRCodeScannerCore.swift */; };
		E3CFD86D2C48083D00C9CC70 /* ContentView.swift in Sources */ = {isa = PBXBuildFile; fileRef = E3CFD86C2C48083D00C9CC70 /* ContentView.swift */; };
/* End PBXBuildFile section */

/* Begin PBXContainerItemProxy section */
		E3458C5F2C32D7C4003A08B8 /* PBXContainerItemProxy */ = {
			isa = PBXContainerItemProxy;
			containerPortal = E3458C462C32D7C2003A08B8 /* Project object */;
			proxyType = 1;
			remoteGlobalIDString = E3458C4D2C32D7C2003A08B8;
			remoteInfo = LottoLoco;
		};
		E3458C692C32D7C4003A08B8 /* PBXContainerItemProxy */ = {
			isa = PBXContainerItemProxy;
			containerPortal = E3458C462C32D7C2003A08B8 /* Project object */;
			proxyType = 1;
			remoteGlobalIDString = E3458C4D2C32D7C2003A08B8;
			remoteInfo = LottoLoco;
		};
/* End PBXContainerItemProxy section */

/* Begin PBXFileReference section */
		E3458C4E2C32D7C2003A08B8 /* LottoLoco.app */ = {isa = PBXFileReference; explicitFileType = wrapper.application; includeInIndex = 0; path = LottoLoco.app; sourceTree = BUILT_PRODUCTS_DIR; };
		E3458C512C32D7C2003A08B8 /* LottoLocoApp.swift */ = {isa = PBXFileReference; lastKnownFileType = sourcecode.swift; path = LottoLocoApp.swift; sourceTree = "<group>"; };
		E3458C552C32D7C4003A08B8 /* Assets.xcassets */ = {isa = PBXFileReference; lastKnownFileType = folder.assetcatalog; path = Assets.xcassets; sourceTree = "<group>"; };
		E3458C582C32D7C4003A08B8 /* Preview Assets.xcassets */ = {isa = PBXFileReference; lastKnownFileType = folder.assetcatalog; path = "Preview Assets.xcassets"; sourceTree = "<group>"; };
		E3458C5E2C32D7C4003A08B8 /* LottoLocoTests.xctest */ = {isa = PBXFileReference; explicitFileType = wrapper.cfbundle; includeInIndex = 0; path = LottoLocoTests.xctest; sourceTree = BUILT_PRODUCTS_DIR; };
		E3458C622C32D7C4003A08B8 /* LottoLocoTests.swift */ = {isa = PBXFileReference; lastKnownFileType = sourcecode.swift; path = LottoLocoTests.swift; sourceTree = "<group>"; };
		E3458C682C32D7C4003A08B8 /* LottoLocoUITests.xctest */ = {isa = PBXFileReference; explicitFileType = wrapper.cfbundle; includeInIndex = 0; path = LottoLocoUITests.xctest; sourceTree = BUILT_PRODUCTS_DIR; };
		E3458C6C2C32D7C4003A08B8 /* LottoLocoUITests.swift */ = {isa = PBXFileReference; lastKnownFileType = sourcecode.swift; path = LottoLocoUITests.swift; sourceTree = "<group>"; };
		E3458C6E2C32D7C4003A08B8 /* LottoLocoUITestsLaunchTests.swift */ = {isa = PBXFileReference; lastKnownFileType = sourcecode.swift; path = LottoLocoUITestsLaunchTests.swift; sourceTree = "<group>"; };
		E3458C802C32D9A1003A08B8 /* LottoNumberGeneratorView.swift */ = {isa = PBXFileReference; lastKnownFileType = sourcecode.swift; path = LottoNumberGeneratorView.swift; sourceTree = "<group>"; };
		E3458C822C32D9AB003A08B8 /* LottoNumberGeneratorCore.swift */ = {isa = PBXFileReference; lastKnownFileType = sourcecode.swift; path = LottoNumberGeneratorCore.swift; sourceTree = "<group>"; };
		E3BE99862C36414B0045D933 /* LottoNumberView.swift */ = {isa = PBXFileReference; lastKnownFileType = sourcecode.swift; path = LottoNumberView.swift; sourceTree = "<group>"; };
		E3CFD8632C46B1DD00C9CC70 /* LottoNumberGeneratorClient.swift */ = {isa = PBXFileReference; lastKnownFileType = sourcecode.swift; path = LottoNumberGeneratorClient.swift; sourceTree = "<group>"; };
		E3CFD8682C48081000C9CC70 /* QRCodeScannerView.swift */ = {isa = PBXFileReference; lastKnownFileType = sourcecode.swift; path = QRCodeScannerView.swift; sourceTree = "<group>"; };
		E3CFD86A2C48082100C9CC70 /* QRCodeScannerCore.swift */ = {isa = PBXFileReference; lastKnownFileType = sourcecode.swift; path = QRCodeScannerCore.swift; sourceTree = "<group>"; };
		E3CFD86C2C48083D00C9CC70 /* ContentView.swift */ = {isa = PBXFileReference; lastKnownFileType = sourcecode.swift; path = ContentView.swift; sourceTree = "<group>"; };
/* End PBXFileReference section */

/* Begin PBXFrameworksBuildPhase section */
		E3458C4B2C32D7C2003A08B8 /* Frameworks */ = {
			isa = PBXFrameworksBuildPhase;
			buildActionMask = 2147483647;
			files = (
				E362BE552C494840005A7C54 /* ConfettiSwiftUI in Frameworks */,
				E3458C7D2C32D972003A08B8 /* ComposableArchitecture in Frameworks */,
			);
			runOnlyForDeploymentPostprocessing = 0;
		};
		E3458C5B2C32D7C4003A08B8 /* Frameworks */ = {
			isa = PBXFrameworksBuildPhase;
			buildActionMask = 2147483647;
			files = (
			);
			runOnlyForDeploymentPostprocessing = 0;
		};
		E3458C652C32D7C4003A08B8 /* Frameworks */ = {
			isa = PBXFrameworksBuildPhase;
			buildActionMask = 2147483647;
			files = (
			);
			runOnlyForDeploymentPostprocessing = 0;
		};
/* End PBXFrameworksBuildPhase section */

/* Begin PBXGroup section */
		E3458C452C32D7C2003A08B8 = {
			isa = PBXGroup;
			children = (
				E3458C502C32D7C2003A08B8 /* LottoLoco */,
				E3458C612C32D7C4003A08B8 /* LottoLocoTests */,
				E3458C6B2C32D7C4003A08B8 /* LottoLocoUITests */,
				E3458C4F2C32D7C2003A08B8 /* Products */,
			);
			sourceTree = "<group>";
		};
		E3458C4F2C32D7C2003A08B8 /* Products */ = {
			isa = PBXGroup;
			children = (
				E3458C4E2C32D7C2003A08B8 /* LottoLoco.app */,
				E3458C5E2C32D7C4003A08B8 /* LottoLocoTests.xctest */,
				E3458C682C32D7C4003A08B8 /* LottoLocoUITests.xctest */,
			);
			name = Products;
			sourceTree = "<group>";
		};
		E3458C502C32D7C2003A08B8 /* LottoLoco */ = {
			isa = PBXGroup;
			children = (
				E3458C7E2C32D980003A08B8 /* Features */,
				E3458C512C32D7C2003A08B8 /* LottoLocoApp.swift */,
				E3CFD86C2C48083D00C9CC70 /* ContentView.swift */,
				E3458C552C32D7C4003A08B8 /* Assets.xcassets */,
				E3458C572C32D7C4003A08B8 /* Preview Content */,
			);
			path = LottoLoco;
			sourceTree = "<group>";
		};
		E3458C572C32D7C4003A08B8 /* Preview Content */ = {
			isa = PBXGroup;
			children = (
				E3458C582C32D7C4003A08B8 /* Preview Assets.xcassets */,
			);
			path = "Preview Content";
			sourceTree = "<group>";
		};
		E3458C612C32D7C4003A08B8 /* LottoLocoTests */ = {
			isa = PBXGroup;
			children = (
				E3458C622C32D7C4003A08B8 /* LottoLocoTests.swift */,
			);
			path = LottoLocoTests;
			sourceTree = "<group>";
		};
		E3458C6B2C32D7C4003A08B8 /* LottoLocoUITests */ = {
			isa = PBXGroup;
			children = (
				E3458C6C2C32D7C4003A08B8 /* LottoLocoUITests.swift */,
				E3458C6E2C32D7C4003A08B8 /* LottoLocoUITestsLaunchTests.swift */,
			);
			path = LottoLocoUITests;
			sourceTree = "<group>";
		};
		E3458C7E2C32D980003A08B8 /* Features */ = {
			isa = PBXGroup;
			children = (
				E3CFD8652C4807E700C9CC70 /* QRCodeScanner */,
				E3458C7F2C32D98F003A08B8 /* LottoNumberGenerator */,
			);
			path = Features;
			sourceTree = "<group>";
		};
		E3458C7F2C32D98F003A08B8 /* LottoNumberGenerator */ = {
			isa = PBXGroup;
			children = (
				E3BE99842C3641050045D933 /* View */,
				E3BE99852C36410A0045D933 /* Core */,
			);
			path = LottoNumberGenerator;
			sourceTree = "<group>";
		};
		E3BE99842C3641050045D933 /* View */ = {
			isa = PBXGroup;
			children = (
				E3458C802C32D9A1003A08B8 /* LottoNumberGeneratorView.swift */,
				E3BE99862C36414B0045D933 /* LottoNumberView.swift */,
			);
			path = View;
			sourceTree = "<group>";
		};
		E3BE99852C36410A0045D933 /* Core */ = {
			isa = PBXGroup;
			children = (
				E3CFD8632C46B1DD00C9CC70 /* LottoNumberGeneratorClient.swift */,
				E3458C822C32D9AB003A08B8 /* LottoNumberGeneratorCore.swift */,
			);
			path = Core;
			sourceTree = "<group>";
		};
		E3CFD8652C4807E700C9CC70 /* QRCodeScanner */ = {
			isa = PBXGroup;
			children = (
				E3CFD8672C4807FE00C9CC70 /* View */,
				E3CFD8662C4807F800C9CC70 /* Core */,
			);
			path = QRCodeScanner;
			sourceTree = "<group>";
		};
		E3CFD8662C4807F800C9CC70 /* Core */ = {
			isa = PBXGroup;
			children = (
				E3CFD86A2C48082100C9CC70 /* QRCodeScannerCore.swift */,
			);
			path = Core;
			sourceTree = "<group>";
		};
		E3CFD8672C4807FE00C9CC70 /* View */ = {
			isa = PBXGroup;
			children = (
				E3CFD8682C48081000C9CC70 /* QRCodeScannerView.swift */,
			);
			path = View;
			sourceTree = "<group>";
		};
/* End PBXGroup section */

/* Begin PBXNativeTarget section */
		E3458C4D2C32D7C2003A08B8 /* LottoLoco */ = {
			isa = PBXNativeTarget;
			buildConfigurationList = E3458C722C32D7C4003A08B8 /* Build configuration list for PBXNativeTarget "LottoLoco" */;
			buildPhases = (
				E3458C4A2C32D7C2003A08B8 /* Sources */,
				E3458C4B2C32D7C2003A08B8 /* Frameworks */,
				E3458C4C2C32D7C2003A08B8 /* Resources */,
			);
			buildRules = (
			);
			dependencies = (
			);
			name = LottoLoco;
			packageProductDependencies = (
				E3458C7C2C32D972003A08B8 /* ComposableArchitecture */,
				E362BE542C494840005A7C54 /* ConfettiSwiftUI */,
			);
			productName = LottoLoco;
			productReference = E3458C4E2C32D7C2003A08B8 /* LottoLoco.app */;
			productType = "com.apple.product-type.application";
		};
		E3458C5D2C32D7C4003A08B8 /* LottoLocoTests */ = {
			isa = PBXNativeTarget;
			buildConfigurationList = E3458C752C32D7C4003A08B8 /* Build configuration list for PBXNativeTarget "LottoLocoTests" */;
			buildPhases = (
				E3458C5A2C32D7C4003A08B8 /* Sources */,
				E3458C5B2C32D7C4003A08B8 /* Frameworks */,
				E3458C5C2C32D7C4003A08B8 /* Resources */,
			);
			buildRules = (
			);
			dependencies = (
				E3458C602C32D7C4003A08B8 /* PBXTargetDependency */,
			);
			name = LottoLocoTests;
			productName = LottoLocoTests;
			productReference = E3458C5E2C32D7C4003A08B8 /* LottoLocoTests.xctest */;
			productType = "com.apple.product-type.bundle.unit-test";
		};
		E3458C672C32D7C4003A08B8 /* LottoLocoUITests */ = {
			isa = PBXNativeTarget;
			buildConfigurationList = E3458C782C32D7C4003A08B8 /* Build configuration list for PBXNativeTarget "LottoLocoUITests" */;
			buildPhases = (
				E3458C642C32D7C4003A08B8 /* Sources */,
				E3458C652C32D7C4003A08B8 /* Frameworks */,
				E3458C662C32D7C4003A08B8 /* Resources */,
			);
			buildRules = (
			);
			dependencies = (
				E3458C6A2C32D7C4003A08B8 /* PBXTargetDependency */,
			);
			name = LottoLocoUITests;
			productName = LottoLocoUITests;
			productReference = E3458C682C32D7C4003A08B8 /* LottoLocoUITests.xctest */;
			productType = "com.apple.product-type.bundle.ui-testing";
		};
/* End PBXNativeTarget section */

/* Begin PBXProject section */
		E3458C462C32D7C2003A08B8 /* Project object */ = {
			isa = PBXProject;
			attributes = {
				BuildIndependentTargetsInParallel = 1;
				LastSwiftUpdateCheck = 1540;
				LastUpgradeCheck = 1540;
				TargetAttributes = {
					E3458C4D2C32D7C2003A08B8 = {
						CreatedOnToolsVersion = 15.4;
					};
					E3458C5D2C32D7C4003A08B8 = {
						CreatedOnToolsVersion = 15.4;
						TestTargetID = E3458C4D2C32D7C2003A08B8;
					};
					E3458C672C32D7C4003A08B8 = {
						CreatedOnToolsVersion = 15.4;
						TestTargetID = E3458C4D2C32D7C2003A08B8;
					};
				};
			};
			buildConfigurationList = E3458C492C32D7C2003A08B8 /* Build configuration list for PBXProject "LottoLoco" */;
			compatibilityVersion = "Xcode 14.0";
			developmentRegion = en;
			hasScannedForEncodings = 0;
			knownRegions = (
				en,
				Base,
			);
			mainGroup = E3458C452C32D7C2003A08B8;
			packageReferences = (
				E3458C7B2C32D972003A08B8 /* XCRemoteSwiftPackageReference "swift-composable-architecture" */,
				E362BE532C494840005A7C54 /* XCRemoteSwiftPackageReference "ConfettiSwiftUI" */,
			);
			productRefGroup = E3458C4F2C32D7C2003A08B8 /* Products */;
			projectDirPath = "";
			projectRoot = "";
			targets = (
				E3458C4D2C32D7C2003A08B8 /* LottoLoco */,
				E3458C5D2C32D7C4003A08B8 /* LottoLocoTests */,
				E3458C672C32D7C4003A08B8 /* LottoLocoUITests */,
			);
		};
/* End PBXProject section */

/* Begin PBXResourcesBuildPhase section */
		E3458C4C2C32D7C2003A08B8 /* Resources */ = {
			isa = PBXResourcesBuildPhase;
			buildActionMask = 2147483647;
			files = (
				E3458C592C32D7C4003A08B8 /* Preview Assets.xcassets in Resources */,
				E3458C562C32D7C4003A08B8 /* Assets.xcassets in Resources */,
			);
			runOnlyForDeploymentPostprocessing = 0;
		};
		E3458C5C2C32D7C4003A08B8 /* Resources */ = {
			isa = PBXResourcesBuildPhase;
			buildActionMask = 2147483647;
			files = (
			);
			runOnlyForDeploymentPostprocessing = 0;
		};
		E3458C662C32D7C4003A08B8 /* Resources */ = {
			isa = PBXResourcesBuildPhase;
			buildActionMask = 2147483647;
			files = (
			);
			runOnlyForDeploymentPostprocessing = 0;
		};
/* End PBXResourcesBuildPhase section */

/* Begin PBXSourcesBuildPhase section */
		E3458C4A2C32D7C2003A08B8 /* Sources */ = {
			isa = PBXSourcesBuildPhase;
			buildActionMask = 2147483647;
			files = (
				E3458C832C32D9AB003A08B8 /* LottoNumberGeneratorCore.swift in Sources */,
				E3458C812C32D9A1003A08B8 /* LottoNumberGeneratorView.swift in Sources */,
				E3CFD86D2C48083D00C9CC70 /* ContentView.swift in Sources */,
				E3BE99872C36414B0045D933 /* LottoNumberView.swift in Sources */,
				E3CFD8642C46B1DD00C9CC70 /* LottoNumberGeneratorClient.swift in Sources */,
				E3458C522C32D7C2003A08B8 /* LottoLocoApp.swift in Sources */,
				E3CFD8692C48081000C9CC70 /* QRCodeScannerView.swift in Sources */,
				E3CFD86B2C48082100C9CC70 /* QRCodeScannerCore.swift in Sources */,
			);
			runOnlyForDeploymentPostprocessing = 0;
		};
		E3458C5A2C32D7C4003A08B8 /* Sources */ = {
			isa = PBXSourcesBuildPhase;
			buildActionMask = 2147483647;
			files = (
				E3458C632C32D7C4003A08B8 /* LottoLocoTests.swift in Sources */,
			);
			runOnlyForDeploymentPostprocessing = 0;
		};
		E3458C642C32D7C4003A08B8 /* Sources */ = {
			isa = PBXSourcesBuildPhase;
			buildActionMask = 2147483647;
			files = (
				E3458C6F2C32D7C4003A08B8 /* LottoLocoUITestsLaunchTests.swift in Sources */,
				E3458C6D2C32D7C4003A08B8 /* LottoLocoUITests.swift in Sources */,
			);
			runOnlyForDeploymentPostprocessing = 0;
		};
/* End PBXSourcesBuildPhase section */

/* Begin PBXTargetDependency section */
		E3458C602C32D7C4003A08B8 /* PBXTargetDependency */ = {
			isa = PBXTargetDependency;
			target = E3458C4D2C32D7C2003A08B8 /* LottoLoco */;
			targetProxy = E3458C5F2C32D7C4003A08B8 /* PBXContainerItemProxy */;
		};
		E3458C6A2C32D7C4003A08B8 /* PBXTargetDependency */ = {
			isa = PBXTargetDependency;
			target = E3458C4D2C32D7C2003A08B8 /* LottoLoco */;
			targetProxy = E3458C692C32D7C4003A08B8 /* PBXContainerItemProxy */;
		};
/* End PBXTargetDependency section */

/* Begin XCBuildConfiguration section */
		E3458C702C32D7C4003A08B8 /* Debug */ = {
			isa = XCBuildConfiguration;
			buildSettings = {
				ALWAYS_SEARCH_USER_PATHS = NO;
				ASSETCATALOG_COMPILER_GENERATE_SWIFT_ASSET_SYMBOL_EXTENSIONS = YES;
				CLANG_ANALYZER_NONNULL = YES;
				CLANG_ANALYZER_NUMBER_OBJECT_CONVERSION = YES_AGGRESSIVE;
				CLANG_CXX_LANGUAGE_STANDARD = "gnu++20";
				CLANG_ENABLE_MODULES = YES;
				CLANG_ENABLE_OBJC_ARC = YES;
				CLANG_ENABLE_OBJC_WEAK = YES;
				CLANG_WARN_BLOCK_CAPTURE_AUTORELEASING = YES;
				CLANG_WARN_BOOL_CONVERSION = YES;
				CLANG_WARN_COMMA = YES;
				CLANG_WARN_CONSTANT_CONVERSION = YES;
				CLANG_WARN_DEPRECATED_OBJC_IMPLEMENTATIONS = YES;
				CLANG_WARN_DIRECT_OBJC_ISA_USAGE = YES_ERROR;
				CLANG_WARN_DOCUMENTATION_COMMENTS = YES;
				CLANG_WARN_EMPTY_BODY = YES;
				CLANG_WARN_ENUM_CONVERSION = YES;
				CLANG_WARN_INFINITE_RECURSION = YES;
				CLANG_WARN_INT_CONVERSION = YES;
				CLANG_WARN_NON_LITERAL_NULL_CONVERSION = YES;
				CLANG_WARN_OBJC_IMPLICIT_RETAIN_SELF = YES;
				CLANG_WARN_OBJC_LITERAL_CONVERSION = YES;
				CLANG_WARN_OBJC_ROOT_CLASS = YES_ERROR;
				CLANG_WARN_QUOTED_INCLUDE_IN_FRAMEWORK_HEADER = YES;
				CLANG_WARN_RANGE_LOOP_ANALYSIS = YES;
				CLANG_WARN_STRICT_PROTOTYPES = YES;
				CLANG_WARN_SUSPICIOUS_MOVE = YES;
				CLANG_WARN_UNGUARDED_AVAILABILITY = YES_AGGRESSIVE;
				CLANG_WARN_UNREACHABLE_CODE = YES;
				CLANG_WARN__DUPLICATE_METHOD_MATCH = YES;
				COPY_PHASE_STRIP = NO;
				DEBUG_INFORMATION_FORMAT = dwarf;
				ENABLE_STRICT_OBJC_MSGSEND = YES;
				ENABLE_TESTABILITY = YES;
				ENABLE_USER_SCRIPT_SANDBOXING = YES;
				GCC_C_LANGUAGE_STANDARD = gnu17;
				GCC_DYNAMIC_NO_PIC = NO;
				GCC_NO_COMMON_BLOCKS = YES;
				GCC_OPTIMIZATION_LEVEL = 0;
				GCC_PREPROCESSOR_DEFINITIONS = (
					"DEBUG=1",
					"$(inherited)",
				);
				GCC_WARN_64_TO_32_BIT_CONVERSION = YES;
				GCC_WARN_ABOUT_RETURN_TYPE = YES_ERROR;
				GCC_WARN_UNDECLARED_SELECTOR = YES;
				GCC_WARN_UNINITIALIZED_AUTOS = YES_AGGRESSIVE;
				GCC_WARN_UNUSED_FUNCTION = YES;
				GCC_WARN_UNUSED_VARIABLE = YES;
				IPHONEOS_DEPLOYMENT_TARGET = 17.5;
				LOCALIZATION_PREFERS_STRING_CATALOGS = YES;
				MTL_ENABLE_DEBUG_INFO = INCLUDE_SOURCE;
				MTL_FAST_MATH = YES;
				ONLY_ACTIVE_ARCH = YES;
				SDKROOT = iphoneos;
				SWIFT_ACTIVE_COMPILATION_CONDITIONS = "DEBUG $(inherited)";
				SWIFT_OPTIMIZATION_LEVEL = "-Onone";
			};
			name = Debug;
		};
		E3458C712C32D7C4003A08B8 /* Release */ = {
			isa = XCBuildConfiguration;
			buildSettings = {
				ALWAYS_SEARCH_USER_PATHS = NO;
				ASSETCATALOG_COMPILER_GENERATE_SWIFT_ASSET_SYMBOL_EXTENSIONS = YES;
				CLANG_ANALYZER_NONNULL = YES;
				CLANG_ANALYZER_NUMBER_OBJECT_CONVERSION = YES_AGGRESSIVE;
				CLANG_CXX_LANGUAGE_STANDARD = "gnu++20";
				CLANG_ENABLE_MODULES = YES;
				CLANG_ENABLE_OBJC_ARC = YES;
				CLANG_ENABLE_OBJC_WEAK = YES;
				CLANG_WARN_BLOCK_CAPTURE_AUTORELEASING = YES;
				CLANG_WARN_BOOL_CONVERSION = YES;
				CLANG_WARN_COMMA = YES;
				CLANG_WARN_CONSTANT_CONVERSION = YES;
				CLANG_WARN_DEPRECATED_OBJC_IMPLEMENTATIONS = YES;
				CLANG_WARN_DIRECT_OBJC_ISA_USAGE = YES_ERROR;
				CLANG_WARN_DOCUMENTATION_COMMENTS = YES;
				CLANG_WARN_EMPTY_BODY = YES;
				CLANG_WARN_ENUM_CONVERSION = YES;
				CLANG_WARN_INFINITE_RECURSION = YES;
				CLANG_WARN_INT_CONVERSION = YES;
				CLANG_WARN_NON_LITERAL_NULL_CONVERSION = YES;
				CLANG_WARN_OBJC_IMPLICIT_RETAIN_SELF = YES;
				CLANG_WARN_OBJC_LITERAL_CONVERSION = YES;
				CLANG_WARN_OBJC_ROOT_CLASS = YES_ERROR;
				CLANG_WARN_QUOTED_INCLUDE_IN_FRAMEWORK_HEADER = YES;
				CLANG_WARN_RANGE_LOOP_ANALYSIS = YES;
				CLANG_WARN_STRICT_PROTOTYPES = YES;
				CLANG_WARN_SUSPICIOUS_MOVE = YES;
				CLANG_WARN_UNGUARDED_AVAILABILITY = YES_AGGRESSIVE;
				CLANG_WARN_UNREACHABLE_CODE = YES;
				CLANG_WARN__DUPLICATE_METHOD_MATCH = YES;
				COPY_PHASE_STRIP = NO;
				DEBUG_INFORMATION_FORMAT = "dwarf-with-dsym";
				ENABLE_NS_ASSERTIONS = NO;
				ENABLE_STRICT_OBJC_MSGSEND = YES;
				ENABLE_USER_SCRIPT_SANDBOXING = YES;
				GCC_C_LANGUAGE_STANDARD = gnu17;
				GCC_NO_COMMON_BLOCKS = YES;
				GCC_WARN_64_TO_32_BIT_CONVERSION = YES;
				GCC_WARN_ABOUT_RETURN_TYPE = YES_ERROR;
				GCC_WARN_UNDECLARED_SELECTOR = YES;
				GCC_WARN_UNINITIALIZED_AUTOS = YES_AGGRESSIVE;
				GCC_WARN_UNUSED_FUNCTION = YES;
				GCC_WARN_UNUSED_VARIABLE = YES;
				IPHONEOS_DEPLOYMENT_TARGET = 17.5;
				LOCALIZATION_PREFERS_STRING_CATALOGS = YES;
				MTL_ENABLE_DEBUG_INFO = NO;
				MTL_FAST_MATH = YES;
				SDKROOT = iphoneos;
				SWIFT_COMPILATION_MODE = wholemodule;
				VALIDATE_PRODUCT = YES;
			};
			name = Release;
		};
		E3458C732C32D7C4003A08B8 /* Debug */ = {
			isa = XCBuildConfiguration;
			buildSettings = {
				ASSETCATALOG_COMPILER_APPICON_NAME = AppIcon;
				ASSETCATALOG_COMPILER_GLOBAL_ACCENT_COLOR_NAME = AccentColor;
				CODE_SIGN_STYLE = Automatic;
				CURRENT_PROJECT_VERSION = 2;
				DEVELOPMENT_ASSET_PATHS = "\"LottoLoco/Preview Content\"";
				DEVELOPMENT_TEAM = G3RSN5GZ2E;
				ENABLE_PREVIEWS = YES;
				GENERATE_INFOPLIST_FILE = YES;
				INFOPLIST_KEY_CFBundleDisplayName = "로또 로꼬";
				INFOPLIST_KEY_LSApplicationCategoryType = "public.app-category.lifestyle";
				INFOPLIST_KEY_UIApplicationSceneManifest_Generation = YES;
				INFOPLIST_KEY_UIApplicationSupportsIndirectInputEvents = YES;
				INFOPLIST_KEY_UILaunchScreen_Generation = YES;
				INFOPLIST_KEY_UISupportedInterfaceOrientations_iPad = "UIInterfaceOrientationPortrait UIInterfaceOrientationPortraitUpsideDown UIInterfaceOrientationLandscapeLeft UIInterfaceOrientationLandscapeRight";
				INFOPLIST_KEY_UISupportedInterfaceOrientations_iPhone = "UIInterfaceOrientationPortrait UIInterfaceOrientationLandscapeLeft UIInterfaceOrientationLandscapeRight";
				IPHONEOS_DEPLOYMENT_TARGET = 17.0;
				LD_RUNPATH_SEARCH_PATHS = (
					"$(inherited)",
					"@executable_path/Frameworks",
				);
				MARKETING_VERSION = 1.0;
				PRODUCT_BUNDLE_IDENTIFIER = minoh.park.lottoloco;
				PRODUCT_NAME = "$(TARGET_NAME)";
				SUPPORTED_PLATFORMS = "iphoneos iphonesimulator";
				SUPPORTS_MACCATALYST = NO;
				SUPPORTS_MAC_DESIGNED_FOR_IPHONE_IPAD = NO;
				SUPPORTS_XR_DESIGNED_FOR_IPHONE_IPAD = NO;
				SWIFT_EMIT_LOC_STRINGS = YES;
				SWIFT_VERSION = 5.0;
				TARGETED_DEVICE_FAMILY = "1,2";
			};
			name = Debug;
		};
		E3458C742C32D7C4003A08B8 /* Release */ = {
			isa = XCBuildConfiguration;
			buildSettings = {
				ASSETCATALOG_COMPILER_APPICON_NAME = AppIcon;
				ASSETCATALOG_COMPILER_GLOBAL_ACCENT_COLOR_NAME = AccentColor;
				CODE_SIGN_STYLE = Automatic;
				CURRENT_PROJECT_VERSION = 2;
				DEVELOPMENT_ASSET_PATHS = "\"LottoLoco/Preview Content\"";
				DEVELOPMENT_TEAM = G3RSN5GZ2E;
				ENABLE_PREVIEWS = YES;
				GENERATE_INFOPLIST_FILE = YES;
				INFOPLIST_KEY_CFBundleDisplayName = "로또 로꼬";
				INFOPLIST_KEY_LSApplicationCategoryType = "public.app-category.lifestyle";
				INFOPLIST_KEY_UIApplicationSceneManifest_Generation = YES;
				INFOPLIST_KEY_UIApplicationSupportsIndirectInputEvents = YES;
				INFOPLIST_KEY_UILaunchScreen_Generation = YES;
				INFOPLIST_KEY_UISupportedInterfaceOrientations_iPad = "UIInterfaceOrientationPortrait UIInterfaceOrientationPortraitUpsideDown UIInterfaceOrientationLandscapeLeft UIInterfaceOrientationLandscapeRight";
				INFOPLIST_KEY_UISupportedInterfaceOrientations_iPhone = "UIInterfaceOrientationPortrait UIInterfaceOrientationLandscapeLeft UIInterfaceOrientationLandscapeRight";
				IPHONEOS_DEPLOYMENT_TARGET = 17.0;
				LD_RUNPATH_SEARCH_PATHS = (
					"$(inherited)",
					"@executable_path/Frameworks",
				);
				MARKETING_VERSION = 1.0;
				PRODUCT_BUNDLE_IDENTIFIER = minoh.park.lottoloco;
				PRODUCT_NAME = "$(TARGET_NAME)";
				SUPPORTED_PLATFORMS = "iphoneos iphonesimulator";
				SUPPORTS_MACCATALYST = NO;
				SUPPORTS_MAC_DESIGNED_FOR_IPHONE_IPAD = NO;
				SUPPORTS_XR_DESIGNED_FOR_IPHONE_IPAD = NO;
				SWIFT_EMIT_LOC_STRINGS = YES;
				SWIFT_VERSION = 5.0;
				TARGETED_DEVICE_FAMILY = "1,2";
			};
			name = Release;
		};
		E3458C762C32D7C4003A08B8 /* Debug */ = {
			isa = XCBuildConfiguration;
			buildSettings = {
				ALWAYS_EMBED_SWIFT_STANDARD_LIBRARIES = YES;
				BUNDLE_LOADER = "$(TEST_HOST)";
				CODE_SIGN_STYLE = Automatic;
				CURRENT_PROJECT_VERSION = 1;
				DEVELOPMENT_TEAM = G3RSN5GZ2E;
				GENERATE_INFOPLIST_FILE = YES;
				IPHONEOS_DEPLOYMENT_TARGET = 17.5;
				MARKETING_VERSION = 1.0;
				PRODUCT_BUNDLE_IDENTIFIER = minoh.park.LottoLocoTests;
				PRODUCT_NAME = "$(TARGET_NAME)";
				SWIFT_EMIT_LOC_STRINGS = NO;
				SWIFT_VERSION = 5.0;
				TARGETED_DEVICE_FAMILY = "1,2";
				TEST_HOST = "$(BUILT_PRODUCTS_DIR)/LottoLoco.app/$(BUNDLE_EXECUTABLE_FOLDER_PATH)/LottoLoco";
			};
			name = Debug;
		};
		E3458C772C32D7C4003A08B8 /* Release */ = {
			isa = XCBuildConfiguration;
			buildSettings = {
				ALWAYS_EMBED_SWIFT_STANDARD_LIBRARIES = YES;
				BUNDLE_LOADER = "$(TEST_HOST)";
				CODE_SIGN_STYLE = Automatic;
				CURRENT_PROJECT_VERSION = 1;
				DEVELOPMENT_TEAM = G3RSN5GZ2E;
				GENERATE_INFOPLIST_FILE = YES;
				IPHONEOS_DEPLOYMENT_TARGET = 17.5;
				MARKETING_VERSION = 1.0;
				PRODUCT_BUNDLE_IDENTIFIER = minoh.park.LottoLocoTests;
				PRODUCT_NAME = "$(TARGET_NAME)";
				SWIFT_EMIT_LOC_STRINGS = NO;
				SWIFT_VERSION = 5.0;
				TARGETED_DEVICE_FAMILY = "1,2";
				TEST_HOST = "$(BUILT_PRODUCTS_DIR)/LottoLoco.app/$(BUNDLE_EXECUTABLE_FOLDER_PATH)/LottoLoco";
			};
			name = Release;
		};
		E3458C792C32D7C4003A08B8 /* Debug */ = {
			isa = XCBuildConfiguration;
			buildSettings = {
				ALWAYS_EMBED_SWIFT_STANDARD_LIBRARIES = YES;
				CODE_SIGN_STYLE = Automatic;
				CURRENT_PROJECT_VERSION = 1;
				DEVELOPMENT_TEAM = G3RSN5GZ2E;
				GENERATE_INFOPLIST_FILE = YES;
				MARKETING_VERSION = 1.0;
				PRODUCT_BUNDLE_IDENTIFIER = minoh.park.LottoLocoUITests;
				PRODUCT_NAME = "$(TARGET_NAME)";
				SWIFT_EMIT_LOC_STRINGS = NO;
				SWIFT_VERSION = 5.0;
				TARGETED_DEVICE_FAMILY = "1,2";
				TEST_TARGET_NAME = LottoLoco;
			};
			name = Debug;
		};
		E3458C7A2C32D7C4003A08B8 /* Release */ = {
			isa = XCBuildConfiguration;
			buildSettings = {
				ALWAYS_EMBED_SWIFT_STANDARD_LIBRARIES = YES;
				CODE_SIGN_STYLE = Automatic;
				CURRENT_PROJECT_VERSION = 1;
				DEVELOPMENT_TEAM = G3RSN5GZ2E;
				GENERATE_INFOPLIST_FILE = YES;
				MARKETING_VERSION = 1.0;
				PRODUCT_BUNDLE_IDENTIFIER = minoh.park.LottoLocoUITests;
				PRODUCT_NAME = "$(TARGET_NAME)";
				SWIFT_EMIT_LOC_STRINGS = NO;
				SWIFT_VERSION = 5.0;
				TARGETED_DEVICE_FAMILY = "1,2";
				TEST_TARGET_NAME = LottoLoco;
			};
			name = Release;
		};
/* End XCBuildConfiguration section */

/* Begin XCConfigurationList section */
		E3458C492C32D7C2003A08B8 /* Build configuration list for PBXProject "LottoLoco" */ = {
			isa = XCConfigurationList;
			buildConfigurations = (
				E3458C702C32D7C4003A08B8 /* Debug */,
				E3458C712C32D7C4003A08B8 /* Release */,
			);
			defaultConfigurationIsVisible = 0;
			defaultConfigurationName = Release;
		};
		E3458C722C32D7C4003A08B8 /* Build configuration list for PBXNativeTarget "LottoLoco" */ = {
			isa = XCConfigurationList;
			buildConfigurations = (
				E3458C732C32D7C4003A08B8 /* Debug */,
				E3458C742C32D7C4003A08B8 /* Release */,
			);
			defaultConfigurationIsVisible = 0;
			defaultConfigurationName = Release;
		};
		E3458C752C32D7C4003A08B8 /* Build configuration list for PBXNativeTarget "LottoLocoTests" */ = {
			isa = XCConfigurationList;
			buildConfigurations = (
				E3458C762C32D7C4003A08B8 /* Debug */,
				E3458C772C32D7C4003A08B8 /* Release */,
			);
			defaultConfigurationIsVisible = 0;
			defaultConfigurationName = Release;
		};
		E3458C782C32D7C4003A08B8 /* Build configuration list for PBXNativeTarget "LottoLocoUITests" */ = {
			isa = XCConfigurationList;
			buildConfigurations = (
				E3458C792C32D7C4003A08B8 /* Debug */,
				E3458C7A2C32D7C4003A08B8 /* Release */,
			);
			defaultConfigurationIsVisible = 0;
			defaultConfigurationName = Release;
		};
/* End XCConfigurationList section */

/* Begin XCRemoteSwiftPackageReference section */
		E3458C7B2C32D972003A08B8 /* XCRemoteSwiftPackageReference "swift-composable-architecture" */ = {
			isa = XCRemoteSwiftPackageReference;
			repositoryURL = "https://github.com/pointfreeco/swift-composable-architecture.git";
			requirement = {
				kind = upToNextMajorVersion;
				minimumVersion = 1.11.2;
			};
		};
		E362BE532C494840005A7C54 /* XCRemoteSwiftPackageReference "ConfettiSwiftUI" */ = {
			isa = XCRemoteSwiftPackageReference;
			repositoryURL = "https://github.com/simibac/ConfettiSwiftUI.git";
			requirement = {
				kind = upToNextMajorVersion;
				minimumVersion = 1.1.0;
			};
		};
/* End XCRemoteSwiftPackageReference section */

/* Begin XCSwiftPackageProductDependency section */
		E3458C7C2C32D972003A08B8 /* ComposableArchitecture */ = {
			isa = XCSwiftPackageProductDependency;
			package = E3458C7B2C32D972003A08B8 /* XCRemoteSwiftPackageReference "swift-composable-architecture" */;
			productName = ComposableArchitecture;
		};
		E362BE542C494840005A7C54 /* ConfettiSwiftUI */ = {
			isa = XCSwiftPackageProductDependency;
			package = E362BE532C494840005A7C54 /* XCRemoteSwiftPackageReference "ConfettiSwiftUI" */;
			productName = ConfettiSwiftUI;
		};
/* End XCSwiftPackageProductDependency section */
	};
	rootObject = E3458C462C32D7C2003A08B8 /* Project object */;
}
